
Microsoft Visual Studio Solution File, Format Version 12.00
# Visual Studio Version 17
VisualStudioVersion = 17.7.34202.233
MinimumVisualStudioVersion = 10.0.40219.1
Project("{FAE04EC0-301F-11D3-BF4B-00C04F79EFBC}") = "ControlFlow", "ControlFlow\ControlFlow.csproj", "{834E0F56-CBA8-4B10-B7A3-924757D731CB}"
EndProject
Global
	GlobalSection(SolutionConfigurationPlatforms) = preSolution
		Debug|Any CPU = Debug|Any CPU
		Release|Any CPU = Release|Any CPU
	EndGlobalSection
	GlobalSection(ProjectConfigurationPlatforms) = postSolution
		{834E0F56-CBA8-4B10-B7A3-924757D731CB}.Debug|Any CPU.ActiveCfg = Debug|Any CPU
		{834E0F56-CBA8-4B10-B7A3-924757D731CB}.Debug|Any CPU.Build.0 = Debug|Any CPU
		{834E0F56-CBA8-4B10-B7A3-924757D731CB}.Release|Any CPU.ActiveCfg = Release|Any CPU
		{834E0F56-CBA8-4B10-B7A3-924757D731CB}.Release|Any CPU.Build.0 = Release|Any CPU
	EndGlobalSection
	GlobalSection(SolutionProperties) = preSolution
		HideSolutionNode = FALSE
	EndGlobalSection
	GlobalSection(ExtensibilityGlobals) = postSolution
		SolutionGuid = {009AA8BB-8A3B-40D3-8315-39CAD888C2E1}
	EndGlobalSection
EndGlobal
