
Microsoft Visual Studio Solution File, Format Version 12.00
# Visual Studio Version 17
VisualStudioVersion = 17.7.34202.233
MinimumVisualStudioVersion = 10.0.40219.1
Project("{FAE04EC0-301F-11D3-BF4B-00C04F79EFBC}") = "Date&Time", "Date&Time\Date&Time.csproj", "{C1E7B725-DABC-4424-AD01-215EFC4F302E}"
EndProject
Global
	GlobalSection(SolutionConfigurationPlatforms) = preSolution
		Debug|Any CPU = Debug|Any CPU
		Release|Any CPU = Release|Any CPU
	EndGlobalSection
	GlobalSection(ProjectConfigurationPlatforms) = postSolution
		{C1E7B725-DABC-4424-AD01-215EFC4F302E}.Debug|Any CPU.ActiveCfg = Debug|Any CPU
		{C1E7B725-DABC-4424-AD01-215EFC4F302E}.Debug|Any CPU.Build.0 = Debug|Any CPU
		{C1E7B725-DABC-4424-AD01-215EFC4F302E}.Release|Any CPU.ActiveCfg = Release|Any CPU
		{C1E7B725-DABC-4424-AD01-215EFC4F302E}.Release|Any CPU.Build.0 = Release|Any CPU
	EndGlobalSection
	GlobalSection(SolutionProperties) = preSolution
		HideSolutionNode = FALSE
	EndGlobalSection
	GlobalSection(ExtensibilityGlobals) = postSolution
		SolutionGuid = {C134C77F-F4D5-4373-8CE2-BB16E8B4759B}
	EndGlobalSection
EndGlobal
